
Microsoft Visual Studio Solution File, Format Version 12.00
# Visual Studio Version 17
VisualStudioVersion = 17.8.34525.116
MinimumVisualStudioVersion = 10.0.40219.1
Project("{FAE04EC0-301F-11D3-BF4B-00C04F79EFBC}") = "1", "1.csproj", "{0CA942D7-774F-441F-858E-29104FBCC5EB}"
EndProject
Global
	GlobalSection(SolutionConfigurationPlatforms) = preSolution
		Debug|Any CPU = Debug|Any CPU
		Release|Any CPU = Release|Any CPU
	EndGlobalSection
	GlobalSection(ProjectConfigurationPlatforms) = postSolution
		{0CA942D7-774F-441F-858E-29104FBCC5EB}.Debug|Any CPU.ActiveCfg = Debug|Any CPU
		{0CA942D7-774F-441F-858E-29104FBCC5EB}.Debug|Any CPU.Build.0 = Debug|Any CPU
		{0CA942D7-774F-441F-858E-29104FBCC5EB}.Release|Any CPU.ActiveCfg = Release|Any CPU
		{0CA942D7-774F-441F-858E-29104FBCC5EB}.Release|Any CPU.Build.0 = Release|Any CPU
	EndGlobalSection
	GlobalSection(SolutionProperties) = preSolution
		HideSolutionNode = FALSE
	EndGlobalSection
	GlobalSection(ExtensibilityGlobals) = postSolution
		SolutionGuid = {D9AEE9AC-92C0-4070-8C6D-46CF2EA1D5DF}
	EndGlobalSection
EndGlobal
