
Microsoft Visual Studio Solution File, Format Version 12.00
# Visual Studio Version 17
VisualStudioVersion = 17.8.34525.116
MinimumVisualStudioVersion = 10.0.40219.1
Project("{FAE04EC0-301F-11D3-BF4B-00C04F79EFBC}") = "6", "6.csproj", "{FB87B076-ACAD-471C-AD31-C840C9D2D138}"
EndProject
Global
	GlobalSection(SolutionConfigurationPlatforms) = preSolution
		Debug|Any CPU = Debug|Any CPU
		Release|Any CPU = Release|Any CPU
	EndGlobalSection
	GlobalSection(ProjectConfigurationPlatforms) = postSolution
		{FB87B076-ACAD-471C-AD31-C840C9D2D138}.Debug|Any CPU.ActiveCfg = Debug|Any CPU
		{FB87B076-ACAD-471C-AD31-C840C9D2D138}.Debug|Any CPU.Build.0 = Debug|Any CPU
		{FB87B076-ACAD-471C-AD31-C840C9D2D138}.Release|Any CPU.ActiveCfg = Release|Any CPU
		{FB87B076-ACAD-471C-AD31-C840C9D2D138}.Release|Any CPU.Build.0 = Release|Any CPU
	EndGlobalSection
	GlobalSection(SolutionProperties) = preSolution
		HideSolutionNode = FALSE
	EndGlobalSection
	GlobalSection(ExtensibilityGlobals) = postSolution
		SolutionGuid = {6EF1D633-C663-4EAC-A93F-A143FD1B138C}
	EndGlobalSection
EndGlobal
