
Microsoft Visual Studio Solution File, Format Version 12.00
# Visual Studio Version 17
VisualStudioVersion = 17.8.34525.116
MinimumVisualStudioVersion = 10.0.40219.1
Project("{FAE04EC0-301F-11D3-BF4B-00C04F79EFBC}") = "3", "3.csproj", "{A5F36E0E-5983-4A1C-A545-CC582BA442B1}"
EndProject
Global
	GlobalSection(SolutionConfigurationPlatforms) = preSolution
		Debug|Any CPU = Debug|Any CPU
		Release|Any CPU = Release|Any CPU
	EndGlobalSection
	GlobalSection(ProjectConfigurationPlatforms) = postSolution
		{A5F36E0E-5983-4A1C-A545-CC582BA442B1}.Debug|Any CPU.ActiveCfg = Debug|Any CPU
		{A5F36E0E-5983-4A1C-A545-CC582BA442B1}.Debug|Any CPU.Build.0 = Debug|Any CPU
		{A5F36E0E-5983-4A1C-A545-CC582BA442B1}.Release|Any CPU.ActiveCfg = Release|Any CPU
		{A5F36E0E-5983-4A1C-A545-CC582BA442B1}.Release|Any CPU.Build.0 = Release|Any CPU
	EndGlobalSection
	GlobalSection(SolutionProperties) = preSolution
		HideSolutionNode = FALSE
	EndGlobalSection
	GlobalSection(ExtensibilityGlobals) = postSolution
		SolutionGuid = {ECA1DA01-7743-492A-926E-B3B348B9D461}
	EndGlobalSection
EndGlobal
