
Microsoft Visual Studio Solution File, Format Version 12.00
# Visual Studio Version 17
VisualStudioVersion = 17.8.34525.116
MinimumVisualStudioVersion = 10.0.40219.1
Project("{FAE04EC0-301F-11D3-BF4B-00C04F79EFBC}") = "2", "2.csproj", "{D38A1610-3A47-4C7C-9F35-DC3518923367}"
EndProject
Global
	GlobalSection(SolutionConfigurationPlatforms) = preSolution
		Debug|Any CPU = Debug|Any CPU
		Release|Any CPU = Release|Any CPU
	EndGlobalSection
	GlobalSection(ProjectConfigurationPlatforms) = postSolution
		{D38A1610-3A47-4C7C-9F35-DC3518923367}.Debug|Any CPU.ActiveCfg = Debug|Any CPU
		{D38A1610-3A47-4C7C-9F35-DC3518923367}.Debug|Any CPU.Build.0 = Debug|Any CPU
		{D38A1610-3A47-4C7C-9F35-DC3518923367}.Release|Any CPU.ActiveCfg = Release|Any CPU
		{D38A1610-3A47-4C7C-9F35-DC3518923367}.Release|Any CPU.Build.0 = Release|Any CPU
	EndGlobalSection
	GlobalSection(SolutionProperties) = preSolution
		HideSolutionNode = FALSE
	EndGlobalSection
	GlobalSection(ExtensibilityGlobals) = postSolution
		SolutionGuid = {199DEF44-5FD0-4644-958A-AED3B220D572}
	EndGlobalSection
EndGlobal
