
Microsoft Visual Studio Solution File, Format Version 12.00
# Visual Studio Version 17
VisualStudioVersion = 17.8.34525.116
MinimumVisualStudioVersion = 10.0.40219.1
Project("{FAE04EC0-301F-11D3-BF4B-00C04F79EFBC}") = "1", "1.csproj", "{0DC8F4DF-1465-4360-8885-62F73BA0759B}"
EndProject
Global
	GlobalSection(SolutionConfigurationPlatforms) = preSolution
		Debug|Any CPU = Debug|Any CPU
		Release|Any CPU = Release|Any CPU
	EndGlobalSection
	GlobalSection(ProjectConfigurationPlatforms) = postSolution
		{0DC8F4DF-1465-4360-8885-62F73BA0759B}.Debug|Any CPU.ActiveCfg = Debug|Any CPU
		{0DC8F4DF-1465-4360-8885-62F73BA0759B}.Debug|Any CPU.Build.0 = Debug|Any CPU
		{0DC8F4DF-1465-4360-8885-62F73BA0759B}.Release|Any CPU.ActiveCfg = Release|Any CPU
		{0DC8F4DF-1465-4360-8885-62F73BA0759B}.Release|Any CPU.Build.0 = Release|Any CPU
	EndGlobalSection
	GlobalSection(SolutionProperties) = preSolution
		HideSolutionNode = FALSE
	EndGlobalSection
	GlobalSection(ExtensibilityGlobals) = postSolution
		SolutionGuid = {D9095839-56E3-4F2D-B2F3-B5E7C7049209}
	EndGlobalSection
EndGlobal
